
Microsoft Visual Studio Solution File, Format Version 12.00
# Visual Studio 15
VisualStudioVersion = 15.0.27004.2002
MinimumVisualStudioVersion = 10.0.40219.1
Project("{6989167D-11E4-40FE-8C1A-2192A86A7E90}") = "Mechanistic Model Fortran", "MMFComputeResistanceTensors\Mechanistic Model Fortran.vfproj", "{E36C4CA6-00AC-493A-9B5C-E755CE41BD1C}"
EndProject
Global
	GlobalSection(SolutionConfigurationPlatforms) = preSolution
		Debug|Win32 = Debug|Win32
		Debug|x64 = Debug|x64
		Release|Win32 = Release|Win32
		Release|x64 = Release|x64
	EndGlobalSection
	GlobalSection(ProjectConfigurationPlatforms) = postSolution
		{E36C4CA6-00AC-493A-9B5C-E755CE41BD1C}.Debug|Win32.ActiveCfg = Debug|Win32
		{E36C4CA6-00AC-493A-9B5C-E755CE41BD1C}.Debug|Win32.Build.0 = Debug|Win32
		{E36C4CA6-00AC-493A-9B5C-E755CE41BD1C}.Debug|x64.ActiveCfg = Debug|x64
		{E36C4CA6-00AC-493A-9B5C-E755CE41BD1C}.Debug|x64.Build.0 = Debug|x64
		{E36C4CA6-00AC-493A-9B5C-E755CE41BD1C}.Release|Win32.ActiveCfg = Release|Win32
		{E36C4CA6-00AC-493A-9B5C-E755CE41BD1C}.Release|Win32.Build.0 = Release|Win32
		{E36C4CA6-00AC-493A-9B5C-E755CE41BD1C}.Release|x64.ActiveCfg = Release|x64
		{E36C4CA6-00AC-493A-9B5C-E755CE41BD1C}.Release|x64.Build.0 = Release|x64
	EndGlobalSection
	GlobalSection(SolutionProperties) = preSolution
		HideSolutionNode = FALSE
	EndGlobalSection
	GlobalSection(ExtensibilityGlobals) = postSolution
		SolutionGuid = {F7739998-9C0A-47EA-8D2F-E44D3BF1A436}
	EndGlobalSection
EndGlobal
